// !$*UTF8*$!
{
	archiveVersion = 1;
	classes = {
	};
	objectVersion = 56;
	objects = {

/* Begin PBXBuildFile section */
		856CA4C829A2FFDE00BCFA23 /* OrganizationsViewModel.swift in Sources */ = {isa = PBXBuildFile; fileRef = 856CA4C729A2FFDE00BCFA23 /* OrganizationsViewModel.swift */; };
		856CA4CF29A3109700BCFA23 /* OrganizationModel.swift in Sources */ = {isa = PBXBuildFile; fileRef = 856CA4CE29A3109700BCFA23 /* OrganizationModel.swift */; };
		856CA4D429A31C7800BCFA23 /* UserDefaultsHelper.swift in Sources */ = {isa = PBXBuildFile; fileRef = 856CA4D329A31C7800BCFA23 /* UserDefaultsHelper.swift */; };
		856CA4D629A31CA000BCFA23 /* MapHelper.swift in Sources */ = {isa = PBXBuildFile; fileRef = 856CA4D529A31CA000BCFA23 /* MapHelper.swift */; };
		85F1093929A288E900B1C0AC /* BrowsrApp.swift in Sources */ = {isa = PBXBuildFile; fileRef = 85F1093829A288E900B1C0AC /* BrowsrApp.swift */; };
		85F1093B29A288E900B1C0AC /* OrganizationsView.swift in Sources */ = {isa = PBXBuildFile; fileRef = 85F1093A29A288E900B1C0AC /* OrganizationsView.swift */; };
		85F1093D29A288EB00B1C0AC /* Assets.xcassets in Resources */ = {isa = PBXBuildFile; fileRef = 85F1093C29A288EB00B1C0AC /* Assets.xcassets */; };
		85F1094029A288EB00B1C0AC /* Preview Assets.xcassets in Resources */ = {isa = PBXBuildFile; fileRef = 85F1093F29A288EB00B1C0AC /* Preview Assets.xcassets */; };
		85F1094A29A288EC00B1C0AC /* BrowsrAppTests.swift in Sources */ = {isa = PBXBuildFile; fileRef = 85F1094929A288EC00B1C0AC /* BrowsrAppTests.swift */; };
		85F1095429A288EC00B1C0AC /* BrowsrAppUITests.swift in Sources */ = {isa = PBXBuildFile; fileRef = 85F1095329A288EC00B1C0AC /* BrowsrAppUITests.swift */; };
		85F1095629A288EC00B1C0AC /* BrowsrAppUITestsLaunchTests.swift in Sources */ = {isa = PBXBuildFile; fileRef = 85F1095529A288EC00B1C0AC /* BrowsrAppUITestsLaunchTests.swift */; };
/* End PBXBuildFile section */

/* Begin PBXContainerItemProxy section */
		85F1094629A288EC00B1C0AC /* PBXContainerItemProxy */ = {
			isa = PBXContainerItemProxy;
			containerPortal = 85F1092D29A288E900B1C0AC /* Project object */;
			proxyType = 1;
			remoteGlobalIDString = 85F1093429A288E900B1C0AC;
			remoteInfo = BrowsrApp;
		};
		85F1095029A288EC00B1C0AC /* PBXContainerItemProxy */ = {
			isa = PBXContainerItemProxy;
			containerPortal = 85F1092D29A288E900B1C0AC /* Project object */;
			proxyType = 1;
			remoteGlobalIDString = 85F1093429A288E900B1C0AC;
			remoteInfo = BrowsrApp;
		};
/* End PBXContainerItemProxy section */

/* Begin PBXFileReference section */
		856CA4C729A2FFDE00BCFA23 /* OrganizationsViewModel.swift */ = {isa = PBXFileReference; lastKnownFileType = sourcecode.swift; path = OrganizationsViewModel.swift; sourceTree = "<group>"; };
		856CA4CE29A3109700BCFA23 /* OrganizationModel.swift */ = {isa = PBXFileReference; lastKnownFileType = sourcecode.swift; path = OrganizationModel.swift; sourceTree = "<group>"; };
		856CA4D329A31C7800BCFA23 /* UserDefaultsHelper.swift */ = {isa = PBXFileReference; lastKnownFileType = sourcecode.swift; path = UserDefaultsHelper.swift; sourceTree = "<group>"; };
		856CA4D529A31CA000BCFA23 /* MapHelper.swift */ = {isa = PBXFileReference; lastKnownFileType = sourcecode.swift; path = MapHelper.swift; sourceTree = "<group>"; };
		85F1093529A288E900B1C0AC /* BrowsrApp.app */ = {isa = PBXFileReference; explicitFileType = wrapper.application; includeInIndex = 0; path = BrowsrApp.app; sourceTree = BUILT_PRODUCTS_DIR; };
		85F1093829A288E900B1C0AC /* BrowsrApp.swift */ = {isa = PBXFileReference; lastKnownFileType = sourcecode.swift; path = BrowsrApp.swift; sourceTree = "<group>"; };
		85F1093A29A288E900B1C0AC /* OrganizationsView.swift */ = {isa = PBXFileReference; lastKnownFileType = sourcecode.swift; path = OrganizationsView.swift; sourceTree = "<group>"; };
		85F1093C29A288EB00B1C0AC /* Assets.xcassets */ = {isa = PBXFileReference; lastKnownFileType = folder.assetcatalog; path = Assets.xcassets; sourceTree = "<group>"; };
		85F1093F29A288EB00B1C0AC /* Preview Assets.xcassets */ = {isa = PBXFileReference; lastKnownFileType = folder.assetcatalog; path = "Preview Assets.xcassets"; sourceTree = "<group>"; };
		85F1094529A288EC00B1C0AC /* BrowsrAppTests.xctest */ = {isa = PBXFileReference; explicitFileType = wrapper.cfbundle; includeInIndex = 0; path = BrowsrAppTests.xctest; sourceTree = BUILT_PRODUCTS_DIR; };
		85F1094929A288EC00B1C0AC /* BrowsrAppTests.swift */ = {isa = PBXFileReference; lastKnownFileType = sourcecode.swift; path = BrowsrAppTests.swift; sourceTree = "<group>"; };
		85F1094F29A288EC00B1C0AC /* BrowsrAppUITests.xctest */ = {isa = PBXFileReference; explicitFileType = wrapper.cfbundle; includeInIndex = 0; path = BrowsrAppUITests.xctest; sourceTree = BUILT_PRODUCTS_DIR; };
		85F1095329A288EC00B1C0AC /* BrowsrAppUITests.swift */ = {isa = PBXFileReference; lastKnownFileType = sourcecode.swift; path = BrowsrAppUITests.swift; sourceTree = "<group>"; };
		85F1095529A288EC00B1C0AC /* BrowsrAppUITestsLaunchTests.swift */ = {isa = PBXFileReference; lastKnownFileType = sourcecode.swift; path = BrowsrAppUITestsLaunchTests.swift; sourceTree = "<group>"; };
/* End PBXFileReference section */

/* Begin PBXFrameworksBuildPhase section */
		85F1093229A288E900B1C0AC /* Frameworks */ = {
			isa = PBXFrameworksBuildPhase;
			buildActionMask = 2147483647;
			files = (
			);
			runOnlyForDeploymentPostprocessing = 0;
		};
		85F1094229A288EC00B1C0AC /* Frameworks */ = {
			isa = PBXFrameworksBuildPhase;
			buildActionMask = 2147483647;
			files = (
			);
			runOnlyForDeploymentPostprocessing = 0;
		};
		85F1094C29A288EC00B1C0AC /* Frameworks */ = {
			isa = PBXFrameworksBuildPhase;
			buildActionMask = 2147483647;
			files = (
			);
			runOnlyForDeploymentPostprocessing = 0;
		};
/* End PBXFrameworksBuildPhase section */

/* Begin PBXGroup section */
		856CA4D029A31AF000BCFA23 /* Organizations Overview */ = {
			isa = PBXGroup;
			children = (
				85F1093A29A288E900B1C0AC /* OrganizationsView.swift */,
				856CA4C729A2FFDE00BCFA23 /* OrganizationsViewModel.swift */,
				856CA4CE29A3109700BCFA23 /* OrganizationModel.swift */,
			);
			path = "Organizations Overview";
			sourceTree = "<group>";
		};
		856CA4D229A31C6400BCFA23 /* Helpers */ = {
			isa = PBXGroup;
			children = (
				856CA4D329A31C7800BCFA23 /* UserDefaultsHelper.swift */,
				856CA4D529A31CA000BCFA23 /* MapHelper.swift */,
			);
			path = Helpers;
			sourceTree = "<group>";
		};
		85F1092C29A288E900B1C0AC = {
			isa = PBXGroup;
			children = (
				85F1093729A288E900B1C0AC /* BrowsrApp */,
				85F1094829A288EC00B1C0AC /* BrowsrAppTests */,
				85F1095229A288EC00B1C0AC /* BrowsrAppUITests */,
				85F1093629A288E900B1C0AC /* Products */,
			);
			sourceTree = "<group>";
		};
		85F1093629A288E900B1C0AC /* Products */ = {
			isa = PBXGroup;
			children = (
				85F1093529A288E900B1C0AC /* BrowsrApp.app */,
				85F1094529A288EC00B1C0AC /* BrowsrAppTests.xctest */,
				85F1094F29A288EC00B1C0AC /* BrowsrAppUITests.xctest */,
			);
			name = Products;
			sourceTree = "<group>";
		};
		85F1093729A288E900B1C0AC /* BrowsrApp */ = {
			isa = PBXGroup;
			children = (
				856CA4D229A31C6400BCFA23 /* Helpers */,
				856CA4D029A31AF000BCFA23 /* Organizations Overview */,
				85F1093829A288E900B1C0AC /* BrowsrApp.swift */,
				85F1093C29A288EB00B1C0AC /* Assets.xcassets */,
				85F1093E29A288EB00B1C0AC /* Preview Content */,
			);
			path = BrowsrApp;
			sourceTree = "<group>";
		};
		85F1093E29A288EB00B1C0AC /* Preview Content */ = {
			isa = PBXGroup;
			children = (
				85F1093F29A288EB00B1C0AC /* Preview Assets.xcassets */,
			);
			path = "Preview Content";
			sourceTree = "<group>";
		};
		85F1094829A288EC00B1C0AC /* BrowsrAppTests */ = {
			isa = PBXGroup;
			children = (
				85F1094929A288EC00B1C0AC /* BrowsrAppTests.swift */,
			);
			path = BrowsrAppTests;
			sourceTree = "<group>";
		};
		85F1095229A288EC00B1C0AC /* BrowsrAppUITests */ = {
			isa = PBXGroup;
			children = (
				85F1095329A288EC00B1C0AC /* BrowsrAppUITests.swift */,
				85F1095529A288EC00B1C0AC /* BrowsrAppUITestsLaunchTests.swift */,
			);
			path = BrowsrAppUITests;
			sourceTree = "<group>";
		};
/* End PBXGroup section */

/* Begin PBXNativeTarget section */
		85F1093429A288E900B1C0AC /* BrowsrApp */ = {
			isa = PBXNativeTarget;
			buildConfigurationList = 85F1095929A288EC00B1C0AC /* Build configuration list for PBXNativeTarget "BrowsrApp" */;
			buildPhases = (
				85F1093129A288E900B1C0AC /* Sources */,
				85F1093229A288E900B1C0AC /* Frameworks */,
				85F1093329A288E900B1C0AC /* Resources */,
			);
			buildRules = (
			);
			dependencies = (
			);
			name = BrowsrApp;
			productName = BrowsrApp;
			productReference = 85F1093529A288E900B1C0AC /* BrowsrApp.app */;
			productType = "com.apple.product-type.application";
		};
		85F1094429A288EC00B1C0AC /* BrowsrAppTests */ = {
			isa = PBXNativeTarget;
			buildConfigurationList = 85F1095C29A288EC00B1C0AC /* Build configuration list for PBXNativeTarget "BrowsrAppTests" */;
			buildPhases = (
				85F1094129A288EC00B1C0AC /* Sources */,
				85F1094229A288EC00B1C0AC /* Frameworks */,
				85F1094329A288EC00B1C0AC /* Resources */,
			);
			buildRules = (
			);
			dependencies = (
				85F1094729A288EC00B1C0AC /* PBXTargetDependency */,
			);
			name = BrowsrAppTests;
			productName = BrowsrAppTests;
			productReference = 85F1094529A288EC00B1C0AC /* BrowsrAppTests.xctest */;
			productType = "com.apple.product-type.bundle.unit-test";
		};
		85F1094E29A288EC00B1C0AC /* BrowsrAppUITests */ = {
			isa = PBXNativeTarget;
			buildConfigurationList = 85F1095F29A288EC00B1C0AC /* Build configuration list for PBXNativeTarget "BrowsrAppUITests" */;
			buildPhases = (
				85F1094B29A288EC00B1C0AC /* Sources */,
				85F1094C29A288EC00B1C0AC /* Frameworks */,
				85F1094D29A288EC00B1C0AC /* Resources */,
			);
			buildRules = (
			);
			dependencies = (
				85F1095129A288EC00B1C0AC /* PBXTargetDependency */,
			);
			name = BrowsrAppUITests;
			productName = BrowsrAppUITests;
			productReference = 85F1094F29A288EC00B1C0AC /* BrowsrAppUITests.xctest */;
			productType = "com.apple.product-type.bundle.ui-testing";
		};
/* End PBXNativeTarget section */

/* Begin PBXProject section */
		85F1092D29A288E900B1C0AC /* Project object */ = {
			isa = PBXProject;
			attributes = {
				BuildIndependentTargetsInParallel = 1;
				LastSwiftUpdateCheck = 1420;
				LastUpgradeCheck = 1420;
				TargetAttributes = {
					85F1093429A288E900B1C0AC = {
						CreatedOnToolsVersion = 14.2;
					};
					85F1094429A288EC00B1C0AC = {
						CreatedOnToolsVersion = 14.2;
						TestTargetID = 85F1093429A288E900B1C0AC;
					};
					85F1094E29A288EC00B1C0AC = {
						CreatedOnToolsVersion = 14.2;
						TestTargetID = 85F1093429A288E900B1C0AC;
					};
				};
			};
			buildConfigurationList = 85F1093029A288E900B1C0AC /* Build configuration list for PBXProject "BrowsrApp" */;
			compatibilityVersion = "Xcode 14.0";
			developmentRegion = en;
			hasScannedForEncodings = 0;
			knownRegions = (
				en,
				Base,
			);
			mainGroup = 85F1092C29A288E900B1C0AC;
			productRefGroup = 85F1093629A288E900B1C0AC /* Products */;
			projectDirPath = "";
			projectRoot = "";
			targets = (
				85F1093429A288E900B1C0AC /* BrowsrApp */,
				85F1094429A288EC00B1C0AC /* BrowsrAppTests */,
				85F1094E29A288EC00B1C0AC /* BrowsrAppUITests */,
			);
		};
/* End PBXProject section */

/* Begin PBXResourcesBuildPhase section */
		85F1093329A288E900B1C0AC /* Resources */ = {
			isa = PBXResourcesBuildPhase;
			buildActionMask = 2147483647;
			files = (
				85F1094029A288EB00B1C0AC /* Preview Assets.xcassets in Resources */,
				85F1093D29A288EB00B1C0AC /* Assets.xcassets in Resources */,
			);
			runOnlyForDeploymentPostprocessing = 0;
		};
		85F1094329A288EC00B1C0AC /* Resources */ = {
			isa = PBXResourcesBuildPhase;
			buildActionMask = 2147483647;
			files = (
			);
			runOnlyForDeploymentPostprocessing = 0;
		};
		85F1094D29A288EC00B1C0AC /* Resources */ = {
			isa = PBXResourcesBuildPhase;
			buildActionMask = 2147483647;
			files = (
			);
			runOnlyForDeploymentPostprocessing = 0;
		};
/* End PBXResourcesBuildPhase section */

/* Begin PBXSourcesBuildPhase section */
		85F1093129A288E900B1C0AC /* Sources */ = {
			isa = PBXSourcesBuildPhase;
			buildActionMask = 2147483647;
			files = (
				856CA4D429A31C7800BCFA23 /* UserDefaultsHelper.swift in Sources */,
				856CA4CF29A3109700BCFA23 /* OrganizationModel.swift in Sources */,
				856CA4D629A31CA000BCFA23 /* MapHelper.swift in Sources */,
				856CA4C829A2FFDE00BCFA23 /* OrganizationsViewModel.swift in Sources */,
				85F1093B29A288E900B1C0AC /* OrganizationsView.swift in Sources */,
				85F1093929A288E900B1C0AC /* BrowsrApp.swift in Sources */,
			);
			runOnlyForDeploymentPostprocessing = 0;
		};
		85F1094129A288EC00B1C0AC /* Sources */ = {
			isa = PBXSourcesBuildPhase;
			buildActionMask = 2147483647;
			files = (
				85F1094A29A288EC00B1C0AC /* BrowsrAppTests.swift in Sources */,
			);
			runOnlyForDeploymentPostprocessing = 0;
		};
		85F1094B29A288EC00B1C0AC /* Sources */ = {
			isa = PBXSourcesBuildPhase;
			buildActionMask = 2147483647;
			files = (
				85F1095429A288EC00B1C0AC /* BrowsrAppUITests.swift in Sources */,
				85F1095629A288EC00B1C0AC /* BrowsrAppUITestsLaunchTests.swift in Sources */,
			);
			runOnlyForDeploymentPostprocessing = 0;
		};
/* End PBXSourcesBuildPhase section */

/* Begin PBXTargetDependency section */
		85F1094729A288EC00B1C0AC /* PBXTargetDependency */ = {
			isa = PBXTargetDependency;
			target = 85F1093429A288E900B1C0AC /* BrowsrApp */;
			targetProxy = 85F1094629A288EC00B1C0AC /* PBXContainerItemProxy */;
		};
		85F1095129A288EC00B1C0AC /* PBXTargetDependency */ = {
			isa = PBXTargetDependency;
			target = 85F1093429A288E900B1C0AC /* BrowsrApp */;
			targetProxy = 85F1095029A288EC00B1C0AC /* PBXContainerItemProxy */;
		};
/* End PBXTargetDependency section */

/* Begin XCBuildConfiguration section */
		85F1095729A288EC00B1C0AC /* Debug */ = {
			isa = XCBuildConfiguration;
			buildSettings = {
				ALWAYS_SEARCH_USER_PATHS = NO;
				CLANG_ANALYZER_NONNULL = YES;
				CLANG_ANALYZER_NUMBER_OBJECT_CONVERSION = YES_AGGRESSIVE;
				CLANG_CXX_LANGUAGE_STANDARD = "gnu++20";
				CLANG_ENABLE_MODULES = YES;
				CLANG_ENABLE_OBJC_ARC = YES;
				CLANG_ENABLE_OBJC_WEAK = YES;
				CLANG_WARN_BLOCK_CAPTURE_AUTORELEASING = YES;
				CLANG_WARN_BOOL_CONVERSION = YES;
				CLANG_WARN_COMMA = YES;
				CLANG_WARN_CONSTANT_CONVERSION = YES;
				CLANG_WARN_DEPRECATED_OBJC_IMPLEMENTATIONS = YES;
				CLANG_WARN_DIRECT_OBJC_ISA_USAGE = YES_ERROR;
				CLANG_WARN_DOCUMENTATION_COMMENTS = YES;
				CLANG_WARN_EMPTY_BODY = YES;
				CLANG_WARN_ENUM_CONVERSION = YES;
				CLANG_WARN_INFINITE_RECURSION = YES;
				CLANG_WARN_INT_CONVERSION = YES;
				CLANG_WARN_NON_LITERAL_NULL_CONVERSION = YES;
				CLANG_WARN_OBJC_IMPLICIT_RETAIN_SELF = YES;
				CLANG_WARN_OBJC_LITERAL_CONVERSION = YES;
				CLANG_WARN_OBJC_ROOT_CLASS = YES_ERROR;
				CLANG_WARN_QUOTED_INCLUDE_IN_FRAMEWORK_HEADER = YES;
				CLANG_WARN_RANGE_LOOP_ANALYSIS = YES;
				CLANG_WARN_STRICT_PROTOTYPES = YES;
				CLANG_WARN_SUSPICIOUS_MOVE = YES;
				CLANG_WARN_UNGUARDED_AVAILABILITY = YES_AGGRESSIVE;
				CLANG_WARN_UNREACHABLE_CODE = YES;
				CLANG_WARN__DUPLICATE_METHOD_MATCH = YES;
				COPY_PHASE_STRIP = NO;
				DEBUG_INFORMATION_FORMAT = dwarf;
				ENABLE_STRICT_OBJC_MSGSEND = YES;
				ENABLE_TESTABILITY = YES;
				GCC_C_LANGUAGE_STANDARD = gnu11;
				GCC_DYNAMIC_NO_PIC = NO;
				GCC_NO_COMMON_BLOCKS = YES;
				GCC_OPTIMIZATION_LEVEL = 0;
				GCC_PREPROCESSOR_DEFINITIONS = (
					"DEBUG=1",
					"$(inherited)",
				);
				GCC_WARN_64_TO_32_BIT_CONVERSION = YES;
				GCC_WARN_ABOUT_RETURN_TYPE = YES_ERROR;
				GCC_WARN_UNDECLARED_SELECTOR = YES;
				GCC_WARN_UNINITIALIZED_AUTOS = YES_AGGRESSIVE;
				GCC_WARN_UNUSED_FUNCTION = YES;
				GCC_WARN_UNUSED_VARIABLE = YES;
				IPHONEOS_DEPLOYMENT_TARGET = 16.2;
				MTL_ENABLE_DEBUG_INFO = INCLUDE_SOURCE;
				MTL_FAST_MATH = YES;
				ONLY_ACTIVE_ARCH = YES;
				SDKROOT = iphoneos;
				SWIFT_ACTIVE_COMPILATION_CONDITIONS = DEBUG;
				SWIFT_OPTIMIZATION_LEVEL = "-Onone";
			};
			name = Debug;
		};
		85F1095829A288EC00B1C0AC /* Release */ = {
			isa = XCBuildConfiguration;
			buildSettings = {
				ALWAYS_SEARCH_USER_PATHS = NO;
				CLANG_ANALYZER_NONNULL = YES;
				CLANG_ANALYZER_NUMBER_OBJECT_CONVERSION = YES_AGGRESSIVE;
				CLANG_CXX_LANGUAGE_STANDARD = "gnu++20";
				CLANG_ENABLE_MODULES = YES;
				CLANG_ENABLE_OBJC_ARC = YES;
				CLANG_ENABLE_OBJC_WEAK = YES;
				CLANG_WARN_BLOCK_CAPTURE_AUTORELEASING = YES;
				CLANG_WARN_BOOL_CONVERSION = YES;
				CLANG_WARN_COMMA = YES;
				CLANG_WARN_CONSTANT_CONVERSION = YES;
				CLANG_WARN_DEPRECATED_OBJC_IMPLEMENTATIONS = YES;
				CLANG_WARN_DIRECT_OBJC_ISA_USAGE = YES_ERROR;
				CLANG_WARN_DOCUMENTATION_COMMENTS = YES;
				CLANG_WARN_EMPTY_BODY = YES;
				CLANG_WARN_ENUM_CONVERSION = YES;
				CLANG_WARN_INFINITE_RECURSION = YES;
				CLANG_WARN_INT_CONVERSION = YES;
				CLANG_WARN_NON_LITERAL_NULL_CONVERSION = YES;
				CLANG_WARN_OBJC_IMPLICIT_RETAIN_SELF = YES;
				CLANG_WARN_OBJC_LITERAL_CONVERSION = YES;
				CLANG_WARN_OBJC_ROOT_CLASS = YES_ERROR;
				CLANG_WARN_QUOTED_INCLUDE_IN_FRAMEWORK_HEADER = YES;
				CLANG_WARN_RANGE_LOOP_ANALYSIS = YES;
				CLANG_WARN_STRICT_PROTOTYPES = YES;
				CLANG_WARN_SUSPICIOUS_MOVE = YES;
				CLANG_WARN_UNGUARDED_AVAILABILITY = YES_AGGRESSIVE;
				CLANG_WARN_UNREACHABLE_CODE = YES;
				CLANG_WARN__DUPLICATE_METHOD_MATCH = YES;
				COPY_PHASE_STRIP = NO;
				DEBUG_INFORMATION_FORMAT = "dwarf-with-dsym";
				ENABLE_NS_ASSERTIONS = NO;
				ENABLE_STRICT_OBJC_MSGSEND = YES;
				GCC_C_LANGUAGE_STANDARD = gnu11;
				GCC_NO_COMMON_BLOCKS = YES;
				GCC_WARN_64_TO_32_BIT_CONVERSION = YES;
				GCC_WARN_ABOUT_RETURN_TYPE = YES_ERROR;
				GCC_WARN_UNDECLARED_SELECTOR = YES;
				GCC_WARN_UNINITIALIZED_AUTOS = YES_AGGRESSIVE;
				GCC_WARN_UNUSED_FUNCTION = YES;
				GCC_WARN_UNUSED_VARIABLE = YES;
				IPHONEOS_DEPLOYMENT_TARGET = 16.2;
				MTL_ENABLE_DEBUG_INFO = NO;
				MTL_FAST_MATH = YES;
				SDKROOT = iphoneos;
				SWIFT_COMPILATION_MODE = wholemodule;
				SWIFT_OPTIMIZATION_LEVEL = "-O";
				VALIDATE_PRODUCT = YES;
			};
			name = Release;
		};
		85F1095A29A288EC00B1C0AC /* Debug */ = {
			isa = XCBuildConfiguration;
			buildSettings = {
				ASSETCATALOG_COMPILER_APPICON_NAME = AppIcon;
				ASSETCATALOG_COMPILER_GLOBAL_ACCENT_COLOR_NAME = AccentColor;
				CODE_SIGN_STYLE = Automatic;
				CURRENT_PROJECT_VERSION = 1;
				DEVELOPMENT_ASSET_PATHS = "\"BrowsrApp/Preview Content\"";
				DEVELOPMENT_TEAM = 978Z8H8M43;
				ENABLE_PREVIEWS = YES;
				GENERATE_INFOPLIST_FILE = YES;
				INFOPLIST_KEY_UIApplicationSceneManifest_Generation = YES;
				INFOPLIST_KEY_UIApplicationSupportsIndirectInputEvents = YES;
				INFOPLIST_KEY_UILaunchScreen_Generation = YES;
				INFOPLIST_KEY_UISupportedInterfaceOrientations_iPad = "UIInterfaceOrientationPortrait UIInterfaceOrientationPortraitUpsideDown UIInterfaceOrientationLandscapeLeft UIInterfaceOrientationLandscapeRight";
				INFOPLIST_KEY_UISupportedInterfaceOrientations_iPhone = "UIInterfaceOrientationPortrait UIInterfaceOrientationLandscapeLeft UIInterfaceOrientationLandscapeRight";
				LD_RUNPATH_SEARCH_PATHS = (
					"$(inherited)",
					"@executable_path/Frameworks",
				);
				MARKETING_VERSION = 1.0;
				PRODUCT_BUNDLE_IDENTIFIER = "Pedro-Ribeiro.BrowsrApp";
				PRODUCT_NAME = "$(TARGET_NAME)";
				SWIFT_EMIT_LOC_STRINGS = YES;
				SWIFT_VERSION = 5.0;
				TARGETED_DEVICE_FAMILY = "1,2";
			};
			name = Debug;
		};
		85F1095B29A288EC00B1C0AC /* Release */ = {
			isa = XCBuildConfiguration;
			buildSettings = {
				ASSETCATALOG_COMPILER_APPICON_NAME = AppIcon;
				ASSETCATALOG_COMPILER_GLOBAL_ACCENT_COLOR_NAME = AccentColor;
				CODE_SIGN_STYLE = Automatic;
				CURRENT_PROJECT_VERSION = 1;
				DEVELOPMENT_ASSET_PATHS = "\"BrowsrApp/Preview Content\"";
				DEVELOPMENT_TEAM = 978Z8H8M43;
				ENABLE_PREVIEWS = YES;
				GENERATE_INFOPLIST_FILE = YES;
				INFOPLIST_KEY_UIApplicationSceneManifest_Generation = YES;
				INFOPLIST_KEY_UIApplicationSupportsIndirectInputEvents = YES;
				INFOPLIST_KEY_UILaunchScreen_Generation = YES;
				INFOPLIST_KEY_UISupportedInterfaceOrientations_iPad = "UIInterfaceOrientationPortrait UIInterfaceOrientationPortraitUpsideDown UIInterfaceOrientationLandscapeLeft UIInterfaceOrientationLandscapeRight";
				INFOPLIST_KEY_UISupportedInterfaceOrientations_iPhone = "UIInterfaceOrientationPortrait UIInterfaceOrientationLandscapeLeft UIInterfaceOrientationLandscapeRight";
				LD_RUNPATH_SEARCH_PATHS = (
					"$(inherited)",
					"@executable_path/Frameworks",
				);
				MARKETING_VERSION = 1.0;
				PRODUCT_BUNDLE_IDENTIFIER = "Pedro-Ribeiro.BrowsrApp";
				PRODUCT_NAME = "$(TARGET_NAME)";
				SWIFT_EMIT_LOC_STRINGS = YES;
				SWIFT_VERSION = 5.0;
				TARGETED_DEVICE_FAMILY = "1,2";
			};
			name = Release;
		};
		85F1095D29A288EC00B1C0AC /* Debug */ = {
			isa = XCBuildConfiguration;
			buildSettings = {
				ALWAYS_EMBED_SWIFT_STANDARD_LIBRARIES = YES;
				BUNDLE_LOADER = "$(TEST_HOST)";
				CODE_SIGN_STYLE = Automatic;
				CURRENT_PROJECT_VERSION = 1;
				DEVELOPMENT_TEAM = 978Z8H8M43;
				GENERATE_INFOPLIST_FILE = YES;
				IPHONEOS_DEPLOYMENT_TARGET = 16.2;
				MARKETING_VERSION = 1.0;
				PRODUCT_BUNDLE_IDENTIFIER = "Pedro-Ribeiro.BrowsrAppTests";
				PRODUCT_NAME = "$(TARGET_NAME)";
				SWIFT_EMIT_LOC_STRINGS = NO;
				SWIFT_VERSION = 5.0;
				TARGETED_DEVICE_FAMILY = "1,2";
				TEST_HOST = "$(BUILT_PRODUCTS_DIR)/BrowsrApp.app/$(BUNDLE_EXECUTABLE_FOLDER_PATH)/BrowsrApp";
			};
			name = Debug;
		};
		85F1095E29A288EC00B1C0AC /* Release */ = {
			isa = XCBuildConfiguration;
			buildSettings = {
				ALWAYS_EMBED_SWIFT_STANDARD_LIBRARIES = YES;
				BUNDLE_LOADER = "$(TEST_HOST)";
				CODE_SIGN_STYLE = Automatic;
				CURRENT_PROJECT_VERSION = 1;
				DEVELOPMENT_TEAM = 978Z8H8M43;
				GENERATE_INFOPLIST_FILE = YES;
				IPHONEOS_DEPLOYMENT_TARGET = 16.2;
				MARKETING_VERSION = 1.0;
				PRODUCT_BUNDLE_IDENTIFIER = "Pedro-Ribeiro.BrowsrAppTests";
				PRODUCT_NAME = "$(TARGET_NAME)";
				SWIFT_EMIT_LOC_STRINGS = NO;
				SWIFT_VERSION = 5.0;
				TARGETED_DEVICE_FAMILY = "1,2";
				TEST_HOST = "$(BUILT_PRODUCTS_DIR)/BrowsrApp.app/$(BUNDLE_EXECUTABLE_FOLDER_PATH)/BrowsrApp";
			};
			name = Release;
		};
		85F1096029A288EC00B1C0AC /* Debug */ = {
			isa = XCBuildConfiguration;
			buildSettings = {
				ALWAYS_EMBED_SWIFT_STANDARD_LIBRARIES = YES;
				CODE_SIGN_STYLE = Automatic;
				CURRENT_PROJECT_VERSION = 1;
				DEVELOPMENT_TEAM = 978Z8H8M43;
				GENERATE_INFOPLIST_FILE = YES;
				MARKETING_VERSION = 1.0;
				PRODUCT_BUNDLE_IDENTIFIER = "Pedro-Ribeiro.BrowsrAppUITests";
				PRODUCT_NAME = "$(TARGET_NAME)";
				SWIFT_EMIT_LOC_STRINGS = NO;
				SWIFT_VERSION = 5.0;
				TARGETED_DEVICE_FAMILY = "1,2";
				TEST_TARGET_NAME = BrowsrApp;
			};
			name = Debug;
		};
		85F1096129A288EC00B1C0AC /* Release */ = {
			isa = XCBuildConfiguration;
			buildSettings = {
				ALWAYS_EMBED_SWIFT_STANDARD_LIBRARIES = YES;
				CODE_SIGN_STYLE = Automatic;
				CURRENT_PROJECT_VERSION = 1;
				DEVELOPMENT_TEAM = 978Z8H8M43;
				GENERATE_INFOPLIST_FILE = YES;
				MARKETING_VERSION = 1.0;
				PRODUCT_BUNDLE_IDENTIFIER = "Pedro-Ribeiro.BrowsrAppUITests";
				PRODUCT_NAME = "$(TARGET_NAME)";
				SWIFT_EMIT_LOC_STRINGS = NO;
				SWIFT_VERSION = 5.0;
				TARGETED_DEVICE_FAMILY = "1,2";
				TEST_TARGET_NAME = BrowsrApp;
			};
			name = Release;
		};
/* End XCBuildConfiguration section */

/* Begin XCConfigurationList section */
		85F1093029A288E900B1C0AC /* Build configuration list for PBXProject "BrowsrApp" */ = {
			isa = XCConfigurationList;
			buildConfigurations = (
				85F1095729A288EC00B1C0AC /* Debug */,
				85F1095829A288EC00B1C0AC /* Release */,
			);
			defaultConfigurationIsVisible = 0;
			defaultConfigurationName = Release;
		};
		85F1095929A288EC00B1C0AC /* Build configuration list for PBXNativeTarget "BrowsrApp" */ = {
			isa = XCConfigurationList;
			buildConfigurations = (
				85F1095A29A288EC00B1C0AC /* Debug */,
				85F1095B29A288EC00B1C0AC /* Release */,
			);
			defaultConfigurationIsVisible = 0;
			defaultConfigurationName = Release;
		};
		85F1095C29A288EC00B1C0AC /* Build configuration list for PBXNativeTarget "BrowsrAppTests" */ = {
			isa = XCConfigurationList;
			buildConfigurations = (
				85F1095D29A288EC00B1C0AC /* Debug */,
				85F1095E29A288EC00B1C0AC /* Release */,
			);
			defaultConfigurationIsVisible = 0;
			defaultConfigurationName = Release;
		};
		85F1095F29A288EC00B1C0AC /* Build configuration list for PBXNativeTarget "BrowsrAppUITests" */ = {
			isa = XCConfigurationList;
			buildConfigurations = (
				85F1096029A288EC00B1C0AC /* Debug */,
				85F1096129A288EC00B1C0AC /* Release */,
			);
			defaultConfigurationIsVisible = 0;
			defaultConfigurationName = Release;
		};
/* End XCConfigurationList section */
	};
	rootObject = 85F1092D29A288E900B1C0AC /* Project object */;
}
