// !$*UTF8*$!
{
	archiveVersion = 1;
	classes = {
	};
	objectVersion = 56;
	objects = {

/* Begin PBXBuildFile section */
		856CA4A029A2F90800BCFA23 /* Browsr_Lib.docc in Sources */ = {isa = PBXBuildFile; fileRef = 856CA49F29A2F90800BCFA23 /* Browsr_Lib.docc */; };
		856CA4A629A2F90900BCFA23 /* Browsr_Lib.framework in Frameworks */ = {isa = PBXBuildFile; fileRef = 856CA49B29A2F90800BCFA23 /* Browsr_Lib.framework */; };
		856CA4AB29A2F90900BCFA23 /* Browsr_LibTests.swift in Sources */ = {isa = PBXBuildFile; fileRef = 856CA4AA29A2F90900BCFA23 /* Browsr_LibTests.swift */; };
		856CA4AC29A2F90900BCFA23 /* Browsr_Lib.h in Headers */ = {isa = PBXBuildFile; fileRef = 856CA49E29A2F90800BCFA23 /* Browsr_Lib.h */; settings = {ATTRIBUTES = (Public, ); }; };
		856CA4B629A2F9FF00BCFA23 /* RemoteOrganizationLoader.swift in Sources */ = {isa = PBXBuildFile; fileRef = 856CA4B529A2F9FF00BCFA23 /* RemoteOrganizationLoader.swift */; };
		856CA4B829A2FACC00BCFA23 /* Organization.swift in Sources */ = {isa = PBXBuildFile; fileRef = 856CA4B729A2FACC00BCFA23 /* Organization.swift */; };
		856CA4BA29A2FB3600BCFA23 /* LoadingStatus.swift in Sources */ = {isa = PBXBuildFile; fileRef = 856CA4B929A2FB3600BCFA23 /* LoadingStatus.swift */; };
		856CA4CB29A3075800BCFA23 /* CustomError.swift in Sources */ = {isa = PBXBuildFile; fileRef = 856CA4CA29A3075800BCFA23 /* CustomError.swift */; };
/* End PBXBuildFile section */

/* Begin PBXContainerItemProxy section */
		856CA4A729A2F90900BCFA23 /* PBXContainerItemProxy */ = {
			isa = PBXContainerItemProxy;
			containerPortal = 856CA49229A2F90800BCFA23 /* Project object */;
			proxyType = 1;
			remoteGlobalIDString = 856CA49A29A2F90800BCFA23;
			remoteInfo = "Browsr Lib";
		};
/* End PBXContainerItemProxy section */

/* Begin PBXFileReference section */
		856CA49B29A2F90800BCFA23 /* Browsr_Lib.framework */ = {isa = PBXFileReference; explicitFileType = wrapper.framework; includeInIndex = 0; path = Browsr_Lib.framework; sourceTree = BUILT_PRODUCTS_DIR; };
		856CA49E29A2F90800BCFA23 /* Browsr_Lib.h */ = {isa = PBXFileReference; lastKnownFileType = sourcecode.c.h; path = Browsr_Lib.h; sourceTree = "<group>"; };
		856CA49F29A2F90800BCFA23 /* Browsr_Lib.docc */ = {isa = PBXFileReference; lastKnownFileType = folder.documentationcatalog; path = Browsr_Lib.docc; sourceTree = "<group>"; };
		856CA4A529A2F90900BCFA23 /* Browsr LibTests.xctest */ = {isa = PBXFileReference; explicitFileType = wrapper.cfbundle; includeInIndex = 0; path = "Browsr LibTests.xctest"; sourceTree = BUILT_PRODUCTS_DIR; };
		856CA4AA29A2F90900BCFA23 /* Browsr_LibTests.swift */ = {isa = PBXFileReference; lastKnownFileType = sourcecode.swift; path = Browsr_LibTests.swift; sourceTree = "<group>"; };
		856CA4B529A2F9FF00BCFA23 /* RemoteOrganizationLoader.swift */ = {isa = PBXFileReference; lastKnownFileType = sourcecode.swift; path = RemoteOrganizationLoader.swift; sourceTree = "<group>"; };
		856CA4B729A2FACC00BCFA23 /* Organization.swift */ = {isa = PBXFileReference; lastKnownFileType = sourcecode.swift; path = Organization.swift; sourceTree = "<group>"; };
		856CA4B929A2FB3600BCFA23 /* LoadingStatus.swift */ = {isa = PBXFileReference; lastKnownFileType = sourcecode.swift; path = LoadingStatus.swift; sourceTree = "<group>"; };
		856CA4CA29A3075800BCFA23 /* CustomError.swift */ = {isa = PBXFileReference; lastKnownFileType = sourcecode.swift; path = CustomError.swift; sourceTree = "<group>"; };
/* End PBXFileReference section */

/* Begin PBXFrameworksBuildPhase section */
		856CA49829A2F90800BCFA23 /* Frameworks */ = {
			isa = PBXFrameworksBuildPhase;
			buildActionMask = 2147483647;
			files = (
			);
			runOnlyForDeploymentPostprocessing = 0;
		};
		856CA4A229A2F90900BCFA23 /* Frameworks */ = {
			isa = PBXFrameworksBuildPhase;
			buildActionMask = 2147483647;
			files = (
				856CA4A629A2F90900BCFA23 /* Browsr_Lib.framework in Frameworks */,
			);
			runOnlyForDeploymentPostprocessing = 0;
		};
/* End PBXFrameworksBuildPhase section */

/* Begin PBXGroup section */
		856CA49129A2F90800BCFA23 = {
			isa = PBXGroup;
			children = (
				856CA49D29A2F90800BCFA23 /* Browsr Lib */,
				856CA4A929A2F90900BCFA23 /* Browsr LibTests */,
				856CA49C29A2F90800BCFA23 /* Products */,
			);
			sourceTree = "<group>";
		};
		856CA49C29A2F90800BCFA23 /* Products */ = {
			isa = PBXGroup;
			children = (
				856CA49B29A2F90800BCFA23 /* Browsr_Lib.framework */,
				856CA4A529A2F90900BCFA23 /* Browsr LibTests.xctest */,
			);
			name = Products;
			sourceTree = "<group>";
		};
		856CA49D29A2F90800BCFA23 /* Browsr Lib */ = {
			isa = PBXGroup;
			children = (
				856CA4B529A2F9FF00BCFA23 /* RemoteOrganizationLoader.swift */,
				856CA4CD29A30E1600BCFA23 /* Status */,
				856CA4CC29A30E0800BCFA23 /* Errors */,
				856CA4C929A3073700BCFA23 /* Model */,
				856CA49E29A2F90800BCFA23 /* Browsr_Lib.h */,
				856CA49F29A2F90800BCFA23 /* Browsr_Lib.docc */,
			);
			path = "Browsr Lib";
			sourceTree = "<group>";
		};
		856CA4A929A2F90900BCFA23 /* Browsr LibTests */ = {
			isa = PBXGroup;
			children = (
				856CA4AA29A2F90900BCFA23 /* Browsr_LibTests.swift */,
			);
			path = "Browsr LibTests";
			sourceTree = "<group>";
		};
		856CA4C929A3073700BCFA23 /* Model */ = {
			isa = PBXGroup;
			children = (
				856CA4B729A2FACC00BCFA23 /* Organization.swift */,
			);
			path = Model;
			sourceTree = "<group>";
		};
		856CA4CC29A30E0800BCFA23 /* Errors */ = {
			isa = PBXGroup;
			children = (
				856CA4CA29A3075800BCFA23 /* CustomError.swift */,
			);
			path = Errors;
			sourceTree = "<group>";
		};
		856CA4CD29A30E1600BCFA23 /* Status */ = {
			isa = PBXGroup;
			children = (
				856CA4B929A2FB3600BCFA23 /* LoadingStatus.swift */,
			);
			path = Status;
			sourceTree = "<group>";
		};
/* End PBXGroup section */

/* Begin PBXHeadersBuildPhase section */
		856CA49629A2F90800BCFA23 /* Headers */ = {
			isa = PBXHeadersBuildPhase;
			buildActionMask = 2147483647;
			files = (
				856CA4AC29A2F90900BCFA23 /* Browsr_Lib.h in Headers */,
			);
			runOnlyForDeploymentPostprocessing = 0;
		};
/* End PBXHeadersBuildPhase section */

/* Begin PBXNativeTarget section */
		856CA49A29A2F90800BCFA23 /* Browsr Lib */ = {
			isa = PBXNativeTarget;
			buildConfigurationList = 856CA4AF29A2F90900BCFA23 /* Build configuration list for PBXNativeTarget "Browsr Lib" */;
			buildPhases = (
				856CA49629A2F90800BCFA23 /* Headers */,
				856CA49729A2F90800BCFA23 /* Sources */,
				856CA49829A2F90800BCFA23 /* Frameworks */,
				856CA49929A2F90800BCFA23 /* Resources */,
			);
			buildRules = (
			);
			dependencies = (
			);
			name = "Browsr Lib";
			productName = "Browsr Lib";
			productReference = 856CA49B29A2F90800BCFA23 /* Browsr_Lib.framework */;
			productType = "com.apple.product-type.framework";
		};
		856CA4A429A2F90900BCFA23 /* Browsr LibTests */ = {
			isa = PBXNativeTarget;
			buildConfigurationList = 856CA4B229A2F90900BCFA23 /* Build configuration list for PBXNativeTarget "Browsr LibTests" */;
			buildPhases = (
				856CA4A129A2F90900BCFA23 /* Sources */,
				856CA4A229A2F90900BCFA23 /* Frameworks */,
				856CA4A329A2F90900BCFA23 /* Resources */,
			);
			buildRules = (
			);
			dependencies = (
				856CA4A829A2F90900BCFA23 /* PBXTargetDependency */,
			);
			name = "Browsr LibTests";
			productName = "Browsr LibTests";
			productReference = 856CA4A529A2F90900BCFA23 /* Browsr LibTests.xctest */;
			productType = "com.apple.product-type.bundle.unit-test";
		};
/* End PBXNativeTarget section */

/* Begin PBXProject section */
		856CA49229A2F90800BCFA23 /* Project object */ = {
			isa = PBXProject;
			attributes = {
				BuildIndependentTargetsInParallel = 1;
				LastSwiftUpdateCheck = 1420;
				LastUpgradeCheck = 1420;
				TargetAttributes = {
					856CA49A29A2F90800BCFA23 = {
						CreatedOnToolsVersion = 14.2;
					};
					856CA4A429A2F90900BCFA23 = {
						CreatedOnToolsVersion = 14.2;
					};
				};
			};
			buildConfigurationList = 856CA49529A2F90800BCFA23 /* Build configuration list for PBXProject "Browsr Lib" */;
			compatibilityVersion = "Xcode 14.0";
			developmentRegion = en;
			hasScannedForEncodings = 0;
			knownRegions = (
				en,
				Base,
			);
			mainGroup = 856CA49129A2F90800BCFA23;
			productRefGroup = 856CA49C29A2F90800BCFA23 /* Products */;
			projectDirPath = "";
			projectRoot = "";
			targets = (
				856CA49A29A2F90800BCFA23 /* Browsr Lib */,
				856CA4A429A2F90900BCFA23 /* Browsr LibTests */,
			);
		};
/* End PBXProject section */

/* Begin PBXResourcesBuildPhase section */
		856CA49929A2F90800BCFA23 /* Resources */ = {
			isa = PBXResourcesBuildPhase;
			buildActionMask = 2147483647;
			files = (
			);
			runOnlyForDeploymentPostprocessing = 0;
		};
		856CA4A329A2F90900BCFA23 /* Resources */ = {
			isa = PBXResourcesBuildPhase;
			buildActionMask = 2147483647;
			files = (
			);
			runOnlyForDeploymentPostprocessing = 0;
		};
/* End PBXResourcesBuildPhase section */

/* Begin PBXSourcesBuildPhase section */
		856CA49729A2F90800BCFA23 /* Sources */ = {
			isa = PBXSourcesBuildPhase;
			buildActionMask = 2147483647;
			files = (
				856CA4BA29A2FB3600BCFA23 /* LoadingStatus.swift in Sources */,
				856CA4A029A2F90800BCFA23 /* Browsr_Lib.docc in Sources */,
				856CA4B829A2FACC00BCFA23 /* Organization.swift in Sources */,
				856CA4CB29A3075800BCFA23 /* CustomError.swift in Sources */,
				856CA4B629A2F9FF00BCFA23 /* RemoteOrganizationLoader.swift in Sources */,
			);
			runOnlyForDeploymentPostprocessing = 0;
		};
		856CA4A129A2F90900BCFA23 /* Sources */ = {
			isa = PBXSourcesBuildPhase;
			buildActionMask = 2147483647;
			files = (
				856CA4AB29A2F90900BCFA23 /* Browsr_LibTests.swift in Sources */,
			);
			runOnlyForDeploymentPostprocessing = 0;
		};
/* End PBXSourcesBuildPhase section */

/* Begin PBXTargetDependency section */
		856CA4A829A2F90900BCFA23 /* PBXTargetDependency */ = {
			isa = PBXTargetDependency;
			target = 856CA49A29A2F90800BCFA23 /* Browsr Lib */;
			targetProxy = 856CA4A729A2F90900BCFA23 /* PBXContainerItemProxy */;
		};
/* End PBXTargetDependency section */

/* Begin XCBuildConfiguration section */
		856CA4AD29A2F90900BCFA23 /* Debug */ = {
			isa = XCBuildConfiguration;
			buildSettings = {
				ALWAYS_SEARCH_USER_PATHS = NO;
				CLANG_ANALYZER_NONNULL = YES;
				CLANG_ANALYZER_NUMBER_OBJECT_CONVERSION = YES_AGGRESSIVE;
				CLANG_CXX_LANGUAGE_STANDARD = "gnu++20";
				CLANG_ENABLE_MODULES = YES;
				CLANG_ENABLE_OBJC_ARC = YES;
				CLANG_ENABLE_OBJC_WEAK = YES;
				CLANG_WARN_BLOCK_CAPTURE_AUTORELEASING = YES;
				CLANG_WARN_BOOL_CONVERSION = YES;
				CLANG_WARN_COMMA = YES;
				CLANG_WARN_CONSTANT_CONVERSION = YES;
				CLANG_WARN_DEPRECATED_OBJC_IMPLEMENTATIONS = YES;
				CLANG_WARN_DIRECT_OBJC_ISA_USAGE = YES_ERROR;
				CLANG_WARN_DOCUMENTATION_COMMENTS = YES;
				CLANG_WARN_EMPTY_BODY = YES;
				CLANG_WARN_ENUM_CONVERSION = YES;
				CLANG_WARN_INFINITE_RECURSION = YES;
				CLANG_WARN_INT_CONVERSION = YES;
				CLANG_WARN_NON_LITERAL_NULL_CONVERSION = YES;
				CLANG_WARN_OBJC_IMPLICIT_RETAIN_SELF = YES;
				CLANG_WARN_OBJC_LITERAL_CONVERSION = YES;
				CLANG_WARN_OBJC_ROOT_CLASS = YES_ERROR;
				CLANG_WARN_QUOTED_INCLUDE_IN_FRAMEWORK_HEADER = YES;
				CLANG_WARN_RANGE_LOOP_ANALYSIS = YES;
				CLANG_WARN_STRICT_PROTOTYPES = YES;
				CLANG_WARN_SUSPICIOUS_MOVE = YES;
				CLANG_WARN_UNGUARDED_AVAILABILITY = YES_AGGRESSIVE;
				CLANG_WARN_UNREACHABLE_CODE = YES;
				CLANG_WARN__DUPLICATE_METHOD_MATCH = YES;
				COPY_PHASE_STRIP = NO;
				CURRENT_PROJECT_VERSION = 1;
				DEBUG_INFORMATION_FORMAT = dwarf;
				ENABLE_STRICT_OBJC_MSGSEND = YES;
				ENABLE_TESTABILITY = YES;
				GCC_C_LANGUAGE_STANDARD = gnu11;
				GCC_DYNAMIC_NO_PIC = NO;
				GCC_NO_COMMON_BLOCKS = YES;
				GCC_OPTIMIZATION_LEVEL = 0;
				GCC_PREPROCESSOR_DEFINITIONS = (
					"DEBUG=1",
					"$(inherited)",
				);
				GCC_WARN_64_TO_32_BIT_CONVERSION = YES;
				GCC_WARN_ABOUT_RETURN_TYPE = YES_ERROR;
				GCC_WARN_UNDECLARED_SELECTOR = YES;
				GCC_WARN_UNINITIALIZED_AUTOS = YES_AGGRESSIVE;
				GCC_WARN_UNUSED_FUNCTION = YES;
				GCC_WARN_UNUSED_VARIABLE = YES;
				IPHONEOS_DEPLOYMENT_TARGET = 16.2;
				MTL_ENABLE_DEBUG_INFO = INCLUDE_SOURCE;
				MTL_FAST_MATH = YES;
				ONLY_ACTIVE_ARCH = YES;
				SDKROOT = iphoneos;
				SWIFT_ACTIVE_COMPILATION_CONDITIONS = DEBUG;
				SWIFT_OPTIMIZATION_LEVEL = "-Onone";
				VERSIONING_SYSTEM = "apple-generic";
				VERSION_INFO_PREFIX = "";
			};
			name = Debug;
		};
		856CA4AE29A2F90900BCFA23 /* Release */ = {
			isa = XCBuildConfiguration;
			buildSettings = {
				ALWAYS_SEARCH_USER_PATHS = NO;
				CLANG_ANALYZER_NONNULL = YES;
				CLANG_ANALYZER_NUMBER_OBJECT_CONVERSION = YES_AGGRESSIVE;
				CLANG_CXX_LANGUAGE_STANDARD = "gnu++20";
				CLANG_ENABLE_MODULES = YES;
				CLANG_ENABLE_OBJC_ARC = YES;
				CLANG_ENABLE_OBJC_WEAK = YES;
				CLANG_WARN_BLOCK_CAPTURE_AUTORELEASING = YES;
				CLANG_WARN_BOOL_CONVERSION = YES;
				CLANG_WARN_COMMA = YES;
				CLANG_WARN_CONSTANT_CONVERSION = YES;
				CLANG_WARN_DEPRECATED_OBJC_IMPLEMENTATIONS = YES;
				CLANG_WARN_DIRECT_OBJC_ISA_USAGE = YES_ERROR;
				CLANG_WARN_DOCUMENTATION_COMMENTS = YES;
				CLANG_WARN_EMPTY_BODY = YES;
				CLANG_WARN_ENUM_CONVERSION = YES;
				CLANG_WARN_INFINITE_RECURSION = YES;
				CLANG_WARN_INT_CONVERSION = YES;
				CLANG_WARN_NON_LITERAL_NULL_CONVERSION = YES;
				CLANG_WARN_OBJC_IMPLICIT_RETAIN_SELF = YES;
				CLANG_WARN_OBJC_LITERAL_CONVERSION = YES;
				CLANG_WARN_OBJC_ROOT_CLASS = YES_ERROR;
				CLANG_WARN_QUOTED_INCLUDE_IN_FRAMEWORK_HEADER = YES;
				CLANG_WARN_RANGE_LOOP_ANALYSIS = YES;
				CLANG_WARN_STRICT_PROTOTYPES = YES;
				CLANG_WARN_SUSPICIOUS_MOVE = YES;
				CLANG_WARN_UNGUARDED_AVAILABILITY = YES_AGGRESSIVE;
				CLANG_WARN_UNREACHABLE_CODE = YES;
				CLANG_WARN__DUPLICATE_METHOD_MATCH = YES;
				COPY_PHASE_STRIP = NO;
				CURRENT_PROJECT_VERSION = 1;
				DEBUG_INFORMATION_FORMAT = "dwarf-with-dsym";
				ENABLE_NS_ASSERTIONS = NO;
				ENABLE_STRICT_OBJC_MSGSEND = YES;
				GCC_C_LANGUAGE_STANDARD = gnu11;
				GCC_NO_COMMON_BLOCKS = YES;
				GCC_WARN_64_TO_32_BIT_CONVERSION = YES;
				GCC_WARN_ABOUT_RETURN_TYPE = YES_ERROR;
				GCC_WARN_UNDECLARED_SELECTOR = YES;
				GCC_WARN_UNINITIALIZED_AUTOS = YES_AGGRESSIVE;
				GCC_WARN_UNUSED_FUNCTION = YES;
				GCC_WARN_UNUSED_VARIABLE = YES;
				IPHONEOS_DEPLOYMENT_TARGET = 16.2;
				MTL_ENABLE_DEBUG_INFO = NO;
				MTL_FAST_MATH = YES;
				SDKROOT = iphoneos;
				SWIFT_COMPILATION_MODE = wholemodule;
				SWIFT_OPTIMIZATION_LEVEL = "-O";
				VALIDATE_PRODUCT = YES;
				VERSIONING_SYSTEM = "apple-generic";
				VERSION_INFO_PREFIX = "";
			};
			name = Release;
		};
		856CA4B029A2F90900BCFA23 /* Debug */ = {
			isa = XCBuildConfiguration;
			buildSettings = {
				CODE_SIGN_STYLE = Automatic;
				CURRENT_PROJECT_VERSION = 1;
				DEFINES_MODULE = YES;
				DEVELOPMENT_TEAM = 978Z8H8M43;
				DYLIB_COMPATIBILITY_VERSION = 1;
				DYLIB_CURRENT_VERSION = 1;
				DYLIB_INSTALL_NAME_BASE = "@rpath";
				GENERATE_INFOPLIST_FILE = YES;
				INFOPLIST_KEY_NSHumanReadableCopyright = "";
				INSTALL_PATH = "$(LOCAL_LIBRARY_DIR)/Frameworks";
				LD_RUNPATH_SEARCH_PATHS = (
					"$(inherited)",
					"@executable_path/Frameworks",
					"@loader_path/Frameworks",
				);
				MARKETING_VERSION = 1.0;
				PRODUCT_BUNDLE_IDENTIFIER = "Pedro-Ribeiro.Browsr-Lib";
				PRODUCT_NAME = "$(TARGET_NAME:c99extidentifier)";
				SKIP_INSTALL = YES;
				SWIFT_EMIT_LOC_STRINGS = YES;
				SWIFT_VERSION = 5.0;
				TARGETED_DEVICE_FAMILY = "1,2";
			};
			name = Debug;
		};
		856CA4B129A2F90900BCFA23 /* Release */ = {
			isa = XCBuildConfiguration;
			buildSettings = {
				CODE_SIGN_STYLE = Automatic;
				CURRENT_PROJECT_VERSION = 1;
				DEFINES_MODULE = YES;
				DEVELOPMENT_TEAM = 978Z8H8M43;
				DYLIB_COMPATIBILITY_VERSION = 1;
				DYLIB_CURRENT_VERSION = 1;
				DYLIB_INSTALL_NAME_BASE = "@rpath";
				GENERATE_INFOPLIST_FILE = YES;
				INFOPLIST_KEY_NSHumanReadableCopyright = "";
				INSTALL_PATH = "$(LOCAL_LIBRARY_DIR)/Frameworks";
				LD_RUNPATH_SEARCH_PATHS = (
					"$(inherited)",
					"@executable_path/Frameworks",
					"@loader_path/Frameworks",
				);
				MARKETING_VERSION = 1.0;
				PRODUCT_BUNDLE_IDENTIFIER = "Pedro-Ribeiro.Browsr-Lib";
				PRODUCT_NAME = "$(TARGET_NAME:c99extidentifier)";
				SKIP_INSTALL = YES;
				SWIFT_EMIT_LOC_STRINGS = YES;
				SWIFT_VERSION = 5.0;
				TARGETED_DEVICE_FAMILY = "1,2";
			};
			name = Release;
		};
		856CA4B329A2F90900BCFA23 /* Debug */ = {
			isa = XCBuildConfiguration;
			buildSettings = {
				ALWAYS_EMBED_SWIFT_STANDARD_LIBRARIES = YES;
				CODE_SIGN_STYLE = Automatic;
				CURRENT_PROJECT_VERSION = 1;
				DEVELOPMENT_TEAM = 978Z8H8M43;
				GENERATE_INFOPLIST_FILE = YES;
				MARKETING_VERSION = 1.0;
				PRODUCT_BUNDLE_IDENTIFIER = "Pedro-Ribeiro.Browsr-LibTests";
				PRODUCT_NAME = "$(TARGET_NAME)";
				SWIFT_EMIT_LOC_STRINGS = NO;
				SWIFT_VERSION = 5.0;
				TARGETED_DEVICE_FAMILY = "1,2";
			};
			name = Debug;
		};
		856CA4B429A2F90900BCFA23 /* Release */ = {
			isa = XCBuildConfiguration;
			buildSettings = {
				ALWAYS_EMBED_SWIFT_STANDARD_LIBRARIES = YES;
				CODE_SIGN_STYLE = Automatic;
				CURRENT_PROJECT_VERSION = 1;
				DEVELOPMENT_TEAM = 978Z8H8M43;
				GENERATE_INFOPLIST_FILE = YES;
				MARKETING_VERSION = 1.0;
				PRODUCT_BUNDLE_IDENTIFIER = "Pedro-Ribeiro.Browsr-LibTests";
				PRODUCT_NAME = "$(TARGET_NAME)";
				SWIFT_EMIT_LOC_STRINGS = NO;
				SWIFT_VERSION = 5.0;
				TARGETED_DEVICE_FAMILY = "1,2";
			};
			name = Release;
		};
/* End XCBuildConfiguration section */

/* Begin XCConfigurationList section */
		856CA49529A2F90800BCFA23 /* Build configuration list for PBXProject "Browsr Lib" */ = {
			isa = XCConfigurationList;
			buildConfigurations = (
				856CA4AD29A2F90900BCFA23 /* Debug */,
				856CA4AE29A2F90900BCFA23 /* Release */,
			);
			defaultConfigurationIsVisible = 0;
			defaultConfigurationName = Release;
		};
		856CA4AF29A2F90900BCFA23 /* Build configuration list for PBXNativeTarget "Browsr Lib" */ = {
			isa = XCConfigurationList;
			buildConfigurations = (
				856CA4B029A2F90900BCFA23 /* Debug */,
				856CA4B129A2F90900BCFA23 /* Release */,
			);
			defaultConfigurationIsVisible = 0;
			defaultConfigurationName = Release;
		};
		856CA4B229A2F90900BCFA23 /* Build configuration list for PBXNativeTarget "Browsr LibTests" */ = {
			isa = XCConfigurationList;
			buildConfigurations = (
				856CA4B329A2F90900BCFA23 /* Debug */,
				856CA4B429A2F90900BCFA23 /* Release */,
			);
			defaultConfigurationIsVisible = 0;
			defaultConfigurationName = Release;
		};
/* End XCConfigurationList section */
	};
	rootObject = 856CA49229A2F90800BCFA23 /* Project object */;
}
